
Microsoft Visual Studio Solution File, Format Version 12.00
# Visual Studio Version 17
VisualStudioVersion = 17.7.34221.43
MinimumVisualStudioVersion = 10.0.40219.1
Project("{FAE04EC0-301F-11D3-BF4B-00C04F79EFBC}") = "Kondratev_tomogram_visualizer", "Kondratev_tomogram_visualizer\Kondratev_tomogram_visualizer.csproj", "{CCA99A30-F678-45F3-802D-6315ACEF64D9}"
EndProject
Global
	GlobalSection(SolutionConfigurationPlatforms) = preSolution
		Debug|Any CPU = Debug|Any CPU
		Release|Any CPU = Release|Any CPU
	EndGlobalSection
	GlobalSection(ProjectConfigurationPlatforms) = postSolution
		{CCA99A30-F678-45F3-802D-6315ACEF64D9}.Debug|Any CPU.ActiveCfg = Debug|Any CPU
		{CCA99A30-F678-45F3-802D-6315ACEF64D9}.Debug|Any CPU.Build.0 = Debug|Any CPU
		{CCA99A30-F678-45F3-802D-6315ACEF64D9}.Release|Any CPU.ActiveCfg = Release|Any CPU
		{CCA99A30-F678-45F3-802D-6315ACEF64D9}.Release|Any CPU.Build.0 = Release|Any CPU
	EndGlobalSection
	GlobalSection(SolutionProperties) = preSolution
		HideSolutionNode = FALSE
	EndGlobalSection
	GlobalSection(ExtensibilityGlobals) = postSolution
		SolutionGuid = {2106E076-161D-4CFA-934D-3A196A4B1212}
	EndGlobalSection
EndGlobal
